
Microsoft Visual Studio Solution File, Format Version 12.00
# Visual Studio 2015
Project("{FAE04EC0-301F-11D3-BF4B-00C04F79EFBC}") = "BrainSnake 2.0", "BrainSnake 2.0.csproj", "{DA43F890-9406-9BDE-2120-D05CFA8CAED1}"
EndProject
Global
	GlobalSection(SolutionConfigurationPlatforms) = preSolution
		Debug|Any CPU = Debug|Any CPU
		Release|Any CPU = Release|Any CPU
	EndGlobalSection
	GlobalSection(ProjectConfigurationPlatforms) = postSolution
		{DA43F890-9406-9BDE-2120-D05CFA8CAED1}.Debug|Any CPU.ActiveCfg = Debug|Any CPU
		{DA43F890-9406-9BDE-2120-D05CFA8CAED1}.Debug|Any CPU.Build.0 = Debug|Any CPU
		{DA43F890-9406-9BDE-2120-D05CFA8CAED1}.Release|Any CPU.ActiveCfg = Release|Any CPU
		{DA43F890-9406-9BDE-2120-D05CFA8CAED1}.Release|Any CPU.Build.0 = Release|Any CPU
	EndGlobalSection
	GlobalSection(SolutionProperties) = preSolution
		HideSolutionNode = FALSE
	EndGlobalSection
EndGlobal
